
Microsoft Visual Studio Solution File, Format Version 12.00
# Visual Studio Version 17
VisualStudioVersion = 17.6.33829.357
MinimumVisualStudioVersion = 10.0.40219.1
Project("{8BC9CEB8-8B4A-11D0-8D11-00A0C91BC942}") = "task_01", "task_01\task_01.vcxproj", "{59698AA8-09F3-440E-94AF-AC3C0EF3D8C5}"
EndProject
Global
	GlobalSection(SolutionConfigurationPlatforms) = preSolution
		Debug|x64 = Debug|x64
		Debug|x86 = Debug|x86
		Release|x64 = Release|x64
		Release|x86 = Release|x86
	EndGlobalSection
	GlobalSection(ProjectConfigurationPlatforms) = postSolution
		{59698AA8-09F3-440E-94AF-AC3C0EF3D8C5}.Debug|x64.ActiveCfg = Debug|x64
		{59698AA8-09F3-440E-94AF-AC3C0EF3D8C5}.Debug|x64.Build.0 = Debug|x64
		{59698AA8-09F3-440E-94AF-AC3C0EF3D8C5}.Debug|x86.ActiveCfg = Debug|Win32
		{59698AA8-09F3-440E-94AF-AC3C0EF3D8C5}.Debug|x86.Build.0 = Debug|Win32
		{59698AA8-09F3-440E-94AF-AC3C0EF3D8C5}.Release|x64.ActiveCfg = Release|x64
		{59698AA8-09F3-440E-94AF-AC3C0EF3D8C5}.Release|x64.Build.0 = Release|x64
		{59698AA8-09F3-440E-94AF-AC3C0EF3D8C5}.Release|x86.ActiveCfg = Release|Win32
		{59698AA8-09F3-440E-94AF-AC3C0EF3D8C5}.Release|x86.Build.0 = Release|Win32
	EndGlobalSection
	GlobalSection(SolutionProperties) = preSolution
		HideSolutionNode = FALSE
	EndGlobalSection
	GlobalSection(ExtensibilityGlobals) = postSolution
		SolutionGuid = {AFC05699-A7BD-435E-9E6A-EA2C87C156C3}
	EndGlobalSection
EndGlobal
